
Microsoft Visual Studio Solution File, Format Version 12.00
# Visual Studio Version 16
VisualStudioVersion = 16.0.29430.225
MinimumVisualStudioVersion = 10.0.40219.1
Project("{FAE04EC0-301F-11D3-BF4B-00C04F79EFBC}") = "MavLinkComGenerator", "MavLinkComGenerator.csproj", "{7F5D2A5F-60CC-4C88-8D43-B8B1573D6398}"
EndProject
Global
	GlobalSection(SolutionConfigurationPlatforms) = preSolution
		Debug|Any CPU = Debug|Any CPU
		Release|Any CPU = Release|Any CPU
	EndGlobalSection
	GlobalSection(ProjectConfigurationPlatforms) = postSolution
		{7F5D2A5F-60CC-4C88-8D43-B8B1573D6398}.Debug|Any CPU.ActiveCfg = Debug|Any CPU
		{7F5D2A5F-60CC-4C88-8D43-B8B1573D6398}.Debug|Any CPU.Build.0 = Debug|Any CPU
		{7F5D2A5F-60CC-4C88-8D43-B8B1573D6398}.Release|Any CPU.ActiveCfg = Release|Any CPU
		{7F5D2A5F-60CC-4C88-8D43-B8B1573D6398}.Release|Any CPU.Build.0 = Release|Any CPU
	EndGlobalSection
	GlobalSection(SolutionProperties) = preSolution
		HideSolutionNode = FALSE
	EndGlobalSection
	GlobalSection(ExtensibilityGlobals) = postSolution
		SolutionGuid = {E3E033CC-900D-4073-AA80-DA3E2F4B3F28}
	EndGlobalSection
EndGlobal
