<?xml version="1.0" encoding="utf-8"?>
<Project ToolsVersion="4.0" xmlns="http://schemas.microsoft.com/developer/msbuild/2003">
  <ItemGroup>
    <Filter Include="Source Files">
      <UniqueIdentifier>{4FC737F1-C7A5-4376-A066-2A32D752A2FF}</UniqueIdentifier>
      <Extensions>cpp;c;cc;cxx;def;odl;idl;hpj;bat;asm;asmx</Extensions>
    </Filter>
    <Filter Include="Header Files">
      <UniqueIdentifier>{93995380-89BD-4b04-88EB-625FBE52EBFB}</UniqueIdentifier>
      <Extensions>h;hh;hpp;hxx;hm;inl;inc;xsd</Extensions>
    </Filter>
    <Filter Include="Resource Files">
      <UniqueIdentifier>{67DA6AB6-F800-4c08-8B7A-83BB121AAD01}</UniqueIdentifier>
      <Extensions>rc;ico;cur;bmp;dlg;rc2;rct;bin;rgs;gif;jpg;jpeg;jpe;resx;tiff;tif;png;wav;mfcribbon-ms</Extensions>
    </Filter>
    <Filter Include="Header Files\DepthNav">
      <UniqueIdentifier>{18b89111-7869-4b4b-8728-23bdc23b8ec6}</UniqueIdentifier>
    </Filter>
    <Filter Include="Header Files\DataCollection">
      <UniqueIdentifier>{42fbde54-9eb9-489e-a1e2-aa075456f0b3}</UniqueIdentifier>
    </Filter>
  </ItemGroup>
  <ItemGroup>
    <ClCompile Include="main.cpp">
      <Filter>Source Files</Filter>
    </ClCompile>
  </ItemGroup>
  <ItemGroup>
    <ClInclude Include="StandAloneSensors.hpp">
      <Filter>Header Files</Filter>
    </ClInclude>
    <ClInclude Include="StandAlonePhysics.hpp">
      <Filter>Header Files</Filter>
    </ClInclude>
    <ClInclude Include="GaussianMarkovTest.hpp">
      <Filter>Header Files</Filter>
    </ClInclude>
    <ClInclude Include="DepthNav\DepthNav.hpp">
      <Filter>Header Files\DepthNav</Filter>
    </ClInclude>
    <ClInclude Include="DepthNav\DepthNavCost.hpp">
      <Filter>Header Files\DepthNav</Filter>
    </ClInclude>
    <ClInclude Include="DepthNav\DepthNavOptAStar.hpp">
      <Filter>Header Files\DepthNav</Filter>
    </ClInclude>
    <ClInclude Include="DepthNav\DepthNavThreshold.hpp">
      <Filter>Header Files\DepthNav</Filter>
    </ClInclude>
    <ClInclude Include="DataCollection\DataCollectorSGM.h">
      <Filter>Header Files\DataCollection</Filter>
    </ClInclude>
    <ClInclude Include="DataCollection\RandomPointPoseGenerator.hpp">
      <Filter>Header Files\DataCollection</Filter>
    </ClInclude>
    <ClInclude Include="DataCollection\RandomPointPoseGeneratorNoRoll.h">
      <Filter>Header Files\DataCollection</Filter>
    </ClInclude>
    <ClInclude Include="DataCollection\StereoImageGenerator.hpp">
      <Filter>Header Files\DataCollection</Filter>
    </ClInclude>
    <ClInclude Include="DataCollection\writePNG.h">
      <Filter>Header Files\DataCollection</Filter>
    </ClInclude>
  </ItemGroup>
</Project>