
Microsoft Visual Studio Solution File, Format Version 12.00
# Visual Studio 14
VisualStudioVersion = 14.0.25420.1
MinimumVisualStudioVersion = 10.0.40219.1
Project("{FAE04EC0-301F-11D3-BF4B-00C04F79EFBC}") = "LogViewer", "LogViewer\LogViewer.csproj", "{EF15F348-8E2A-44FE-BA67-B7642562FDE7}"
EndProject
Project("{FAE04EC0-301F-11D3-BF4B-00C04F79EFBC}") = "Networking", "Networking\Networking.csproj", "{29C99047-525D-4389-9BF1-CC130755A135}"
EndProject
Global
	GlobalSection(SolutionConfigurationPlatforms) = preSolution
		Debug|Any CPU = Debug|Any CPU
		Debug|x64 = Debug|x64
		Debug|x86 = Debug|x86
		Release|Any CPU = Release|Any CPU
		Release|x64 = Release|x64
		Release|x86 = Release|x86
	EndGlobalSection
	GlobalSection(ProjectConfigurationPlatforms) = postSolution
		{EF15F348-8E2A-44FE-BA67-B7642562FDE7}.Debug|Any CPU.ActiveCfg = Debug|Any CPU
		{EF15F348-8E2A-44FE-BA67-B7642562FDE7}.Debug|Any CPU.Build.0 = Debug|Any CPU
		{EF15F348-8E2A-44FE-BA67-B7642562FDE7}.Debug|x64.ActiveCfg = Debug|Any CPU
		{EF15F348-8E2A-44FE-BA67-B7642562FDE7}.Debug|x64.Build.0 = Debug|Any CPU
		{EF15F348-8E2A-44FE-BA67-B7642562FDE7}.Debug|x86.ActiveCfg = Debug|Any CPU
		{EF15F348-8E2A-44FE-BA67-B7642562FDE7}.Debug|x86.Build.0 = Debug|Any CPU
		{EF15F348-8E2A-44FE-BA67-B7642562FDE7}.Release|Any CPU.ActiveCfg = Release|Any CPU
		{EF15F348-8E2A-44FE-BA67-B7642562FDE7}.Release|Any CPU.Build.0 = Release|Any CPU
		{EF15F348-8E2A-44FE-BA67-B7642562FDE7}.Release|x64.ActiveCfg = Release|Any CPU
		{EF15F348-8E2A-44FE-BA67-B7642562FDE7}.Release|x64.Build.0 = Release|Any CPU
		{EF15F348-8E2A-44FE-BA67-B7642562FDE7}.Release|x86.ActiveCfg = Release|Any CPU
		{EF15F348-8E2A-44FE-BA67-B7642562FDE7}.Release|x86.Build.0 = Release|Any CPU
		{29C99047-525D-4389-9BF1-CC130755A135}.Debug|Any CPU.ActiveCfg = Debug|Any CPU
		{29C99047-525D-4389-9BF1-CC130755A135}.Debug|Any CPU.Build.0 = Debug|Any CPU
		{29C99047-525D-4389-9BF1-CC130755A135}.Debug|x64.ActiveCfg = Debug|x64
		{29C99047-525D-4389-9BF1-CC130755A135}.Debug|x64.Build.0 = Debug|x64
		{29C99047-525D-4389-9BF1-CC130755A135}.Debug|x86.ActiveCfg = Debug|x86
		{29C99047-525D-4389-9BF1-CC130755A135}.Debug|x86.Build.0 = Debug|x86
		{29C99047-525D-4389-9BF1-CC130755A135}.Release|Any CPU.ActiveCfg = Release|Any CPU
		{29C99047-525D-4389-9BF1-CC130755A135}.Release|Any CPU.Build.0 = Release|Any CPU
		{29C99047-525D-4389-9BF1-CC130755A135}.Release|x64.ActiveCfg = Release|x64
		{29C99047-525D-4389-9BF1-CC130755A135}.Release|x64.Build.0 = Release|x64
		{29C99047-525D-4389-9BF1-CC130755A135}.Release|x86.ActiveCfg = Release|x86
		{29C99047-525D-4389-9BF1-CC130755A135}.Release|x86.Build.0 = Release|x86
	EndGlobalSection
	GlobalSection(SolutionProperties) = preSolution
		HideSolutionNode = FALSE
	EndGlobalSection
EndGlobal
