<?xml version="1.0" encoding="utf-8"?>
<Project ToolsVersion="4.0" xmlns="http://schemas.microsoft.com/developer/msbuild/2003">
  <ItemGroup>
    <ClCompile Include="src\MavLinkConnection.cpp">
      <Filter>src</Filter>
    </ClCompile>
    <ClCompile Include="src\impl\MavLinkConnectionImpl.cpp">
      <Filter>src\impl</Filter>
    </ClCompile>
    <ClCompile Include="src\impl\MavLinkFtpClientImpl.cpp">
      <Filter>src\impl</Filter>
    </ClCompile>
    <ClCompile Include="src\impl\MavLinkNodeImpl.cpp">
      <Filter>src\impl</Filter>
    </ClCompile>
    <ClCompile Include="src\impl\MavLinkTcpServerImpl.cpp">
      <Filter>src\impl</Filter>
    </ClCompile>
    <ClCompile Include="src\impl\MavLinkVehicleImpl.cpp">
      <Filter>src\impl</Filter>
    </ClCompile>
    <ClCompile Include="src\impl\MavLinkVideoStreamImpl.cpp">
      <Filter>src\impl</Filter>
    </ClCompile>
    <ClCompile Include="src\serial_com\TcpClientPort.cpp">
      <Filter>serial_com</Filter>
    </ClCompile>
    <ClCompile Include="src\serial_com\UdpClientPort.cpp">
      <Filter>serial_com</Filter>
    </ClCompile>
    <ClCompile Include="src\MavLinkFtpClient.cpp">
      <Filter>src</Filter>
    </ClCompile>
    <ClCompile Include="src\MavLinkLog.cpp">
      <Filter>src</Filter>
    </ClCompile>
    <ClCompile Include="src\MavLinkMessageBase.cpp">
      <Filter>src</Filter>
    </ClCompile>
    <ClCompile Include="src\MavLinkMessages.cpp">
      <Filter>src</Filter>
    </ClCompile>
    <ClCompile Include="src\MavLinkNode.cpp">
      <Filter>src</Filter>
    </ClCompile>
    <ClCompile Include="src\MavLinkTcpServer.cpp">
      <Filter>src</Filter>
    </ClCompile>
    <ClCompile Include="src\MavLinkVehicle.cpp">
      <Filter>src</Filter>
    </ClCompile>
    <ClCompile Include="src\MavLinkVideoStream.cpp">
      <Filter>src</Filter>
    </ClCompile>
    <ClCompile Include="common_utils\ThreadUtils.cpp">
      <Filter>common_utils</Filter>
    </ClCompile>
    <ClCompile Include="common_utils\FileSystem.cpp">
      <Filter>common_utils</Filter>
    </ClCompile>
    <ClCompile Include="src\serial_com\SerialPort.cpp">
      <Filter>serial_com</Filter>
    </ClCompile>
    <ClCompile Include="src\serial_com\SocketInit.cpp">
      <Filter>serial_com</Filter>
    </ClCompile>
    <ClCompile Include="src\Semaphore.cpp">
      <Filter>src</Filter>
    </ClCompile>
    <ClCompile Include="src\serial_com\wifi.cpp">
      <Filter>serial_com</Filter>
    </ClCompile>
    <ClCompile Include="src\impl\onecore\OneCoreFindSerialPorts.cpp">
      <Filter>src\impl\onecore</Filter>
    </ClCompile>
    <ClCompile Include="src\impl\windows\WindowsFindSerialPorts.cpp">
      <Filter>src\impl\windows</Filter>
    </ClCompile>
    <ClCompile Include="src\impl\AdHocConnectionImpl.cpp" />
    <ClCompile Include="src\AdHocConnection.cpp" />
    <ClCompile Include="src\impl\UdpSocketImpl.cpp" />
    <ClCompile Include="src\UdpSocket.cpp" />
  </ItemGroup>
  <ItemGroup>
    <ClInclude Include="mavlink\checksum.h">
      <Filter>Mavlink</Filter>
    </ClInclude>
    <ClInclude Include="mavlink\common\common.h">
      <Filter>Mavlink</Filter>
    </ClInclude>
    <ClInclude Include="mavlink\common\mavlink.h">
      <Filter>Mavlink</Filter>
    </ClInclude>
    <ClInclude Include="mavlink\mavlink_conversions.h">
      <Filter>Mavlink</Filter>
    </ClInclude>
    <ClInclude Include="mavlink\mavlink_helpers.h">
      <Filter>Mavlink</Filter>
    </ClInclude>
    <ClInclude Include="mavlink\mavlink_types.h">
      <Filter>Mavlink</Filter>
    </ClInclude>
    <ClInclude Include="common_utils\EnumFlags.hpp">
      <Filter>common_utils</Filter>
    </ClInclude>
    <ClInclude Include="common_utils\ExceptionUtils.hpp">
      <Filter>common_utils</Filter>
    </ClInclude>
    <ClInclude Include="common_utils\Utils.hpp">
      <Filter>common_utils</Filter>
    </ClInclude>
    <ClInclude Include="mavlink\common\testsuite.h">
      <Filter>Mavlink</Filter>
    </ClInclude>
    <ClInclude Include="common_utils\sincos.hpp">
      <Filter>common_utils</Filter>
    </ClInclude>
    <ClInclude Include="common_utils\prettyprint.hpp">
      <Filter>common_utils</Filter>
    </ClInclude>
    <ClInclude Include="common_utils\optional.hpp">
      <Filter>common_utils</Filter>
    </ClInclude>
    <ClInclude Include="mavlink\protocol.h">
      <Filter>Mavlink</Filter>
    </ClInclude>
    <ClInclude Include="common_utils\type_utils.hpp">
      <Filter>common_utils</Filter>
    </ClInclude>
    <ClInclude Include="mavlink\common\version.h">
      <Filter>Mavlink</Filter>
    </ClInclude>
    <ClInclude Include="include\MavLinkConnection.hpp">
      <Filter>include</Filter>
    </ClInclude>
    <ClInclude Include="include\MavLinkFtpClient.hpp">
      <Filter>include</Filter>
    </ClInclude>
    <ClInclude Include="include\MavLinkLog.hpp">
      <Filter>include</Filter>
    </ClInclude>
    <ClInclude Include="include\MavLinkMessageBase.hpp">
      <Filter>include</Filter>
    </ClInclude>
    <ClInclude Include="include\MavLinkMessages.hpp">
      <Filter>include</Filter>
    </ClInclude>
    <ClInclude Include="include\MavLinkNode.hpp">
      <Filter>include</Filter>
    </ClInclude>
    <ClInclude Include="include\MavLinkTcpServer.hpp">
      <Filter>include</Filter>
    </ClInclude>
    <ClInclude Include="include\MavLinkVehicle.hpp">
      <Filter>include</Filter>
    </ClInclude>
    <ClInclude Include="include\VehicleState.hpp">
      <Filter>include</Filter>
    </ClInclude>
    <ClInclude Include="include\MavLinkVideoStream.hpp">
      <Filter>include</Filter>
    </ClInclude>
    <ClInclude Include="include\AsyncResult.hpp">
      <Filter>include</Filter>
    </ClInclude>
    <ClInclude Include="src\impl\MavLinkConnectionImpl.hpp">
      <Filter>src\impl</Filter>
    </ClInclude>
    <ClInclude Include="src\impl\MavLinkNodeImpl.hpp">
      <Filter>src\impl</Filter>
    </ClInclude>
    <ClInclude Include="src\impl\MavLinkTcpServerImpl.hpp">
      <Filter>src\impl</Filter>
    </ClInclude>
    <ClInclude Include="src\impl\MavLinkVehicleImpl.hpp">
      <Filter>src\impl</Filter>
    </ClInclude>
    <ClInclude Include="src\impl\MavLinkVideoStreamImpl.hpp">
      <Filter>src\impl</Filter>
    </ClInclude>
    <ClInclude Include="src\serial_com\Port.h">
      <Filter>serial_com</Filter>
    </ClInclude>
    <ClInclude Include="src\serial_com\TcpClientPort.hpp">
      <Filter>serial_com</Filter>
    </ClInclude>
    <ClInclude Include="src\serial_com\UdpClientPort.hpp">
      <Filter>serial_com</Filter>
    </ClInclude>
    <ClInclude Include="common_utils\StrictMode.hpp">
      <Filter>common_utils</Filter>
    </ClInclude>
    <ClInclude Include="common_utils\ThreadUtils.hpp">
      <Filter>common_utils</Filter>
    </ClInclude>
    <ClInclude Include="common_utils\FileSystem.hpp">
      <Filter>common_utils</Filter>
    </ClInclude>
    <ClInclude Include="src\serial_com\SerialPort.hpp">
      <Filter>serial_com</Filter>
    </ClInclude>
    <ClInclude Include="src\serial_com\SocketInit.hpp">
      <Filter>serial_com</Filter>
    </ClInclude>
    <ClInclude Include="include\Semaphore.hpp">
      <Filter>include</Filter>
    </ClInclude>
    <ClInclude Include="src\serial_com\wifi.h">
      <Filter>serial_com</Filter>
    </ClInclude>
    <ClInclude Include="common_utils\json.hpp">
      <Filter>common_utils</Filter>
    </ClInclude>
    <ClInclude Include="src\impl\MavLinkFtpClientImpl.hpp">
      <Filter>src\impl</Filter>
    </ClInclude>
    <ClInclude Include="include\AdHocConnection.hpp" />
    <ClInclude Include="src\impl\AdHocConnectionImpl.hpp" />
    <ClInclude Include="include\UdpSocket.hpp" />
    <ClInclude Include="src\impl\UdpSocketImpl.hpp" />
  </ItemGroup>
  <ItemGroup>
    <Filter Include="Mavlink">
      <UniqueIdentifier>{0d3293cf-400d-4a27-87ee-13f7d3f9f0b7}</UniqueIdentifier>
      <Extensions>mavlink/*</Extensions>
    </Filter>
    <Filter Include="common_utils">
      <UniqueIdentifier>{be5b8d3a-d06c-43f0-8b55-f2bcd5661cf6}</UniqueIdentifier>
    </Filter>
    <Filter Include="serial_com">
      <UniqueIdentifier>{341c5925-dfe2-4c6a-8fa7-143feff52361}</UniqueIdentifier>
    </Filter>
    <Filter Include="Design">
      <UniqueIdentifier>{44faf97a-bf1d-413d-8f0f-4e75f882cfd9}</UniqueIdentifier>
      <Extensions>Design/*</Extensions>
    </Filter>
    <Filter Include="include">
      <UniqueIdentifier>{1dd05faf-854a-4a9e-abc5-e6b6106ac108}</UniqueIdentifier>
    </Filter>
    <Filter Include="src">
      <UniqueIdentifier>{2f07994d-eaf6-4ebb-b8ef-9732814ea0bb}</UniqueIdentifier>
    </Filter>
    <Filter Include="src\impl">
      <UniqueIdentifier>{8390030e-8792-43bf-80ed-69b4530b61fb}</UniqueIdentifier>
    </Filter>
    <Filter Include="src\impl\windows">
      <UniqueIdentifier>{4ee25053-206a-4174-99cb-5fb278fc5079}</UniqueIdentifier>
    </Filter>
    <Filter Include="src\impl\onecore">
      <UniqueIdentifier>{7b6dab75-eedb-4b36-a3a3-ea8c30b4a412}</UniqueIdentifier>
    </Filter>
  </ItemGroup>
  <ItemGroup>
    <None Include="Design\OffboardControl.dgml">
      <Filter>Design</Filter>
    </None>
    <None Include="Design\Design.dgml">
      <Filter>Design</Filter>
    </None>
    <None Include="Design\FtpDesign.dgml">
      <Filter>Design</Filter>
    </None>
  </ItemGroup>
</Project>