
Microsoft Visual Studio Solution File, Format Version 12.00
# Visual Studio 14
VisualStudioVersion = 14.0.25420.1 
MinimumVisualStudioVersion = 10.0.40219.1
Project("{8BC9CEB8-8B4A-11D0-8D11-00A0C91BC942}") = "MavLinkCom", "MavLinkCom.vcxproj", "{8510C7A4-BF63-41D2-94F6-D8731D137A5A}"
EndProject
Project("{8BC9CEB8-8B4A-11D0-8D11-00A0C91BC942}") = "MavLinkTest", "MavLinkTest\MavLinkTest.vcxproj", "{25EB67BE-468A-4AA5-910F-07EFD58C5516}"
EndProject
Global
	GlobalSection(SolutionConfigurationPlatforms) = preSolution
		Debug|Any CPU = Debug|Any CPU
		Debug|ARM = Debug|ARM
		Debug|x64 = Debug|x64
		Debug|x86 = Debug|x86
		Release|Any CPU = Release|Any CPU
		Release|ARM = Release|ARM
		Release|x64 = Release|x64
		Release|x86 = Release|x86
	EndGlobalSection
	GlobalSection(ProjectConfigurationPlatforms) = postSolution
		{8510C7A4-BF63-41D2-94F6-D8731D137A5A}.Debug|Any CPU.ActiveCfg = Debug|Win32
		{8510C7A4-BF63-41D2-94F6-D8731D137A5A}.Debug|ARM.ActiveCfg = Debug|ARM
		{8510C7A4-BF63-41D2-94F6-D8731D137A5A}.Debug|ARM.Build.0 = Debug|ARM
		{8510C7A4-BF63-41D2-94F6-D8731D137A5A}.Debug|x64.ActiveCfg = Debug|x64
		{8510C7A4-BF63-41D2-94F6-D8731D137A5A}.Debug|x64.Build.0 = Debug|x64
		{8510C7A4-BF63-41D2-94F6-D8731D137A5A}.Debug|x86.ActiveCfg = Debug|Win32
		{8510C7A4-BF63-41D2-94F6-D8731D137A5A}.Debug|x86.Build.0 = Debug|Win32
		{8510C7A4-BF63-41D2-94F6-D8731D137A5A}.Release|Any CPU.ActiveCfg = Release|Win32
		{8510C7A4-BF63-41D2-94F6-D8731D137A5A}.Release|ARM.ActiveCfg = Release|ARM
		{8510C7A4-BF63-41D2-94F6-D8731D137A5A}.Release|ARM.Build.0 = Release|ARM
		{8510C7A4-BF63-41D2-94F6-D8731D137A5A}.Release|x64.ActiveCfg = Release|x64
		{8510C7A4-BF63-41D2-94F6-D8731D137A5A}.Release|x64.Build.0 = Release|x64
		{8510C7A4-BF63-41D2-94F6-D8731D137A5A}.Release|x86.ActiveCfg = Release|Win32
		{8510C7A4-BF63-41D2-94F6-D8731D137A5A}.Release|x86.Build.0 = Release|Win32
		{25EB67BE-468A-4AA5-910F-07EFD58C5516}.Debug|Any CPU.ActiveCfg = Debug|Win32
		{25EB67BE-468A-4AA5-910F-07EFD58C5516}.Debug|ARM.ActiveCfg = Debug|ARM
		{25EB67BE-468A-4AA5-910F-07EFD58C5516}.Debug|ARM.Build.0 = Debug|ARM
		{25EB67BE-468A-4AA5-910F-07EFD58C5516}.Debug|x64.ActiveCfg = Debug|x64
		{25EB67BE-468A-4AA5-910F-07EFD58C5516}.Debug|x64.Build.0 = Debug|x64
		{25EB67BE-468A-4AA5-910F-07EFD58C5516}.Debug|x86.ActiveCfg = Debug|Win32
		{25EB67BE-468A-4AA5-910F-07EFD58C5516}.Debug|x86.Build.0 = Debug|Win32
		{25EB67BE-468A-4AA5-910F-07EFD58C5516}.Release|Any CPU.ActiveCfg = Release|Win32
		{25EB67BE-468A-4AA5-910F-07EFD58C5516}.Release|ARM.ActiveCfg = Release|ARM
		{25EB67BE-468A-4AA5-910F-07EFD58C5516}.Release|ARM.Build.0 = Release|ARM
		{25EB67BE-468A-4AA5-910F-07EFD58C5516}.Release|x64.ActiveCfg = Release|x64
		{25EB67BE-468A-4AA5-910F-07EFD58C5516}.Release|x64.Build.0 = Release|x64
		{25EB67BE-468A-4AA5-910F-07EFD58C5516}.Release|x86.ActiveCfg = Release|Win32
		{25EB67BE-468A-4AA5-910F-07EFD58C5516}.Release|x86.Build.0 = Release|Win32
	EndGlobalSection
	GlobalSection(SolutionProperties) = preSolution
		HideSolutionNode = FALSE
	EndGlobalSection
	GlobalSection(ExtensibilityGlobals) = postSolution
		SolutionGuid = {7184F15A-2086-4260-BD08-E34AD13AFCBC}
	EndGlobalSection
EndGlobal
