<?xml version="1.0" encoding="utf-8"?>
<Project ToolsVersion="4.0" xmlns="http://schemas.microsoft.com/developer/msbuild/2003">
  <ItemGroup>
    <Filter Include="Source Files">
      <UniqueIdentifier>{4FC737F1-C7A5-4376-A066-2A32D752A2FF}</UniqueIdentifier>
      <Extensions>cpp;c;cc;cxx;def;odl;idl;hpj;bat;asm;asmx</Extensions>
    </Filter>
    <Filter Include="Header Files">
      <UniqueIdentifier>{93995380-89BD-4b04-88EB-625FBE52EBFB}</UniqueIdentifier>
      <Extensions>h;hh;hpp;hxx;hm;inl;inc;xsd</Extensions>
    </Filter>
    <Filter Include="Resource Files">
      <UniqueIdentifier>{67DA6AB6-F800-4c08-8B7A-83BB121AAD01}</UniqueIdentifier>
      <Extensions>rc;ico;cur;bmp;dlg;rc2;rct;bin;rgs;gif;jpg;jpeg;jpe;resx;tiff;tif;png;wav;mfcribbon-ms</Extensions>
    </Filter>
  </ItemGroup>
  <ItemGroup>
    <ClInclude Include="include\common\common_utils\EnumFlags.hpp">
      <Filter>Header Files</Filter>
    </ClInclude>
    <ClInclude Include="include\common\common_utils\ExceptionUtils.hpp">
      <Filter>Header Files</Filter>
    </ClInclude>
    <ClInclude Include="include\common\common_utils\json.hpp">
      <Filter>Header Files</Filter>
    </ClInclude>
    <ClInclude Include="include\common\common_utils\MedianFilter.hpp">
      <Filter>Header Files</Filter>
    </ClInclude>
    <ClInclude Include="include\common\common_utils\OnlineStats.hpp">
      <Filter>Header Files</Filter>
    </ClInclude>
    <ClInclude Include="include\common\common_utils\optional.hpp">
      <Filter>Header Files</Filter>
    </ClInclude>
    <ClInclude Include="include\common\common_utils\prettyprint.hpp">
      <Filter>Header Files</Filter>
    </ClInclude>
    <ClInclude Include="include\common\common_utils\ProsumerQueue.hpp">
      <Filter>Header Files</Filter>
    </ClInclude>
    <ClInclude Include="include\common\common_utils\RandomGenerator.hpp">
      <Filter>Header Files</Filter>
    </ClInclude>
    <ClInclude Include="include\common\common_utils\ScheduledExecutor.hpp">
      <Filter>Header Files</Filter>
    </ClInclude>
    <ClInclude Include="include\common\common_utils\sincos.hpp">
      <Filter>Header Files</Filter>
    </ClInclude>
    <ClInclude Include="include\common\common_utils\type_utils.hpp">
      <Filter>Header Files</Filter>
    </ClInclude>
    <ClInclude Include="include\common\common_utils\Utils.hpp">
      <Filter>Header Files</Filter>
    </ClInclude>
    <ClInclude Include="include\common\Common.hpp">
      <Filter>Header Files</Filter>
    </ClInclude>
    <ClInclude Include="include\common\CommonStructs.hpp">
      <Filter>Header Files</Filter>
    </ClInclude>
    <ClInclude Include="include\common\DelayLine.hpp">
      <Filter>Header Files</Filter>
    </ClInclude>
    <ClInclude Include="include\common\EarthUtils.hpp">
      <Filter>Header Files</Filter>
    </ClInclude>
    <ClInclude Include="include\common\FirstOrderFilter.hpp">
      <Filter>Header Files</Filter>
    </ClInclude>
    <ClInclude Include="include\common\FrequencyLimiter.hpp">
      <Filter>Header Files</Filter>
    </ClInclude>
    <ClInclude Include="include\common\GaussianMarkov.hpp">
      <Filter>Header Files</Filter>
    </ClInclude>
    <ClInclude Include="include\common\GeodeticConverter.hpp">
      <Filter>Header Files</Filter>
    </ClInclude>
    <ClInclude Include="include\common\LogFileWriter.hpp">
      <Filter>Header Files</Filter>
    </ClInclude>
    <ClInclude Include="include\common\StateReporter.hpp">
      <Filter>Header Files</Filter>
    </ClInclude>
    <ClInclude Include="include\common\StateReporterWrapper.hpp">
      <Filter>Header Files</Filter>
    </ClInclude>
    <ClInclude Include="include\common\UpdatableContainer.hpp">
      <Filter>Header Files</Filter>
    </ClInclude>
    <ClInclude Include="include\common\UpdatableObject.hpp">
      <Filter>Header Files</Filter>
    </ClInclude>
    <ClInclude Include="include\common\VectorMath.hpp">
      <Filter>Header Files</Filter>
    </ClInclude>
    <ClInclude Include="include\physics\Environment.hpp">
      <Filter>Header Files</Filter>
    </ClInclude>
    <ClInclude Include="include\physics\FastPhysicsEngine.hpp">
      <Filter>Header Files</Filter>
    </ClInclude>
    <ClInclude Include="include\physics\Kinematics.hpp">
      <Filter>Header Files</Filter>
    </ClInclude>
    <ClInclude Include="include\physics\PhysicsBody.hpp">
      <Filter>Header Files</Filter>
    </ClInclude>
    <ClInclude Include="include\physics\PhysicsBodyVertex.hpp">
      <Filter>Header Files</Filter>
    </ClInclude>
    <ClInclude Include="include\physics\PhysicsEngineBase.hpp">
      <Filter>Header Files</Filter>
    </ClInclude>
    <ClInclude Include="include\physics\World.hpp">
      <Filter>Header Files</Filter>
    </ClInclude>
    <ClInclude Include="include\sensors\barometer\BarometerBase.hpp">
      <Filter>Header Files</Filter>
    </ClInclude>
    <ClInclude Include="include\sensors\barometer\BarometerSimple.hpp">
      <Filter>Header Files</Filter>
    </ClInclude>
    <ClInclude Include="include\sensors\barometer\BarometerSimpleParams.hpp">
      <Filter>Header Files</Filter>
    </ClInclude>
    <ClInclude Include="include\sensors\gps\GpsBase.hpp">
      <Filter>Header Files</Filter>
    </ClInclude>
    <ClInclude Include="include\sensors\gps\GpsSimple.hpp">
      <Filter>Header Files</Filter>
    </ClInclude>
    <ClInclude Include="include\sensors\gps\GpsSimpleParams.hpp">
      <Filter>Header Files</Filter>
    </ClInclude>
    <ClInclude Include="include\sensors\imu\ImuBase.hpp">
      <Filter>Header Files</Filter>
    </ClInclude>
    <ClInclude Include="include\sensors\imu\ImuSimple.hpp">
      <Filter>Header Files</Filter>
    </ClInclude>
    <ClInclude Include="include\sensors\imu\ImuSimpleParams.hpp">
      <Filter>Header Files</Filter>
    </ClInclude>
    <ClInclude Include="include\sensors\magnetometer\MagnetometerBase.hpp">
      <Filter>Header Files</Filter>
    </ClInclude>
    <ClInclude Include="include\sensors\magnetometer\MagnetometerSimple.hpp">
      <Filter>Header Files</Filter>
    </ClInclude>
    <ClInclude Include="include\sensors\magnetometer\MagnetometerSimpleParams.hpp">
      <Filter>Header Files</Filter>
    </ClInclude>
    <ClInclude Include="include\sensors\SensorBase.hpp">
      <Filter>Header Files</Filter>
    </ClInclude>
    <ClInclude Include="include\vehicles\configs\Firefly.hpp">
      <Filter>Header Files</Filter>
    </ClInclude>
    <ClInclude Include="include\vehicles\configs\Px4QuadX.hpp">
      <Filter>Header Files</Filter>
    </ClInclude>
    <ClInclude Include="include\vehicles\MultiRotor.hpp">
      <Filter>Header Files</Filter>
    </ClInclude>
    <ClInclude Include="include\vehicles\MultiRotorParams.hpp">
      <Filter>Header Files</Filter>
    </ClInclude>
    <ClInclude Include="include\vehicles\Rotor.hpp">
      <Filter>Header Files</Filter>
    </ClInclude>
    <ClInclude Include="include\vehicles\RotorParams.hpp">
      <Filter>Header Files</Filter>
    </ClInclude>
    <ClInclude Include="include\common\common_utils\ctpl_stl.h">
      <Filter>Header Files</Filter>
    </ClInclude>
    <ClInclude Include="include\common\common_utils\AsyncTasker.hpp">
      <Filter>Header Files</Filter>
    </ClInclude>
    <ClInclude Include="include\common\common_utils\StrictMode.hpp">
      <Filter>Header Files</Filter>
    </ClInclude>
    <ClInclude Include="include\controllers\ControllerBase.hpp">
      <Filter>Header Files</Filter>
    </ClInclude>
    <ClInclude Include="include\controllers\DroneCommon.hpp">
      <Filter>Header Files</Filter>
    </ClInclude>
    <ClInclude Include="include\controllers\DroneControllerBase.hpp">
      <Filter>Header Files</Filter>
    </ClInclude>
    <ClInclude Include="include\controllers\DroneControllerCancelable.hpp">
      <Filter>Header Files</Filter>
    </ClInclude>
    <ClInclude Include="include\controllers\MavLinkDroneController.hpp">
      <Filter>Header Files</Filter>
    </ClInclude>
    <ClInclude Include="include\controllers\MotorDirectController.hpp">
      <Filter>Header Files</Filter>
    </ClInclude>
    <ClInclude Include="include\controllers\MotorDirectControllerParams.hpp">
      <Filter>Header Files</Filter>
    </ClInclude>
    <ClInclude Include="include\controllers\PidController.hpp">
      <Filter>Header Files</Filter>
    </ClInclude>
    <ClInclude Include="include\controllers\RpyDirectController.hpp">
      <Filter>Header Files</Filter>
    </ClInclude>
    <ClInclude Include="include\controllers\RpyDirectControllerParams.hpp">
      <Filter>Header Files</Filter>
    </ClInclude>
    <ClInclude Include="include\controllers\Settings.h">
      <Filter>Header Files</Filter>
    </ClInclude>
    <ClInclude Include="include\controllers\VehicleControllerBase.hpp">
      <Filter>Header Files</Filter>
    </ClInclude>
    <ClInclude Include="include\controllers\Waiter.hpp">
      <Filter>Header Files</Filter>
    </ClInclude>
    <ClInclude Include="include\safety\CubeGeoFence.hpp">
      <Filter>Header Files</Filter>
    </ClInclude>
    <ClInclude Include="include\safety\IGeoFence.hpp">
      <Filter>Header Files</Filter>
    </ClInclude>
    <ClInclude Include="include\safety\ObstacleMap.hpp">
      <Filter>Header Files</Filter>
    </ClInclude>
    <ClInclude Include="include\safety\SafetyEval.hpp">
      <Filter>Header Files</Filter>
    </ClInclude>
    <ClInclude Include="include\safety\SphereGeoFence.hpp">
      <Filter>Header Files</Filter>
    </ClInclude>
    <ClInclude Include="include\rpc\RpcLibAdapators.hpp">
      <Filter>Header Files</Filter>
    </ClInclude>
    <ClInclude Include="include\rpc\RpcLibClient.hpp">
      <Filter>Header Files</Filter>
    </ClInclude>
    <ClInclude Include="include\rpc\RpcLibServer.hpp">
      <Filter>Header Files</Filter>
    </ClInclude>
    <ClInclude Include="include\rpc\ControlServerBase.hpp">
      <Filter>Header Files</Filter>
    </ClInclude>
  </ItemGroup>
  <ItemGroup>
    <ClCompile Include="src\controllers\DroneControllerBase.cpp">
      <Filter>Source Files</Filter>
    </ClCompile>
    <ClCompile Include="src\controllers\MavLinkDroneController.cpp">
      <Filter>Source Files</Filter>
    </ClCompile>
    <ClCompile Include="src\controllers\Settings.cpp">
      <Filter>Source Files</Filter>
    </ClCompile>
    <ClCompile Include="src\safety\ObstacleMap.cpp">
      <Filter>Source Files</Filter>
    </ClCompile>
    <ClCompile Include="src\safety\SafetyEval.cpp">
      <Filter>Source Files</Filter>
    </ClCompile>
    <ClCompile Include="src\rpc\RpcLibClient.cpp">
      <Filter>Source Files</Filter>
    </ClCompile>
    <ClCompile Include="src\rpc\RpcLibServer.cpp">
      <Filter>Source Files</Filter>
    </ClCompile>
  </ItemGroup>
</Project>