<?xml version="1.0" encoding="utf-8"?>
<Project ToolsVersion="4.0" xmlns="http://schemas.microsoft.com/developer/msbuild/2003">
  <ItemGroup>
    <Filter Include="Source Files">
      <UniqueIdentifier>{4FC737F1-C7A5-4376-A066-2A32D752A2FF}</UniqueIdentifier>
      <Extensions>cpp;c;cc;cxx;def;odl;idl;hpj;bat;asm;asmx</Extensions>
    </Filter>
    <Filter Include="Header Files">
      <UniqueIdentifier>{93995380-89BD-4b04-88EB-625FBE52EBFB}</UniqueIdentifier>
      <Extensions>h;hh;hpp;hxx;hm;inl;inc;xsd</Extensions>
    </Filter>
    <Filter Include="Resource Files">
      <UniqueIdentifier>{67DA6AB6-F800-4c08-8B7A-83BB121AAD01}</UniqueIdentifier>
      <Extensions>rc;ico;cur;bmp;dlg;rc2;rct;bin;rgs;gif;jpg;jpeg;jpe;resx;tiff;tif;png;wav;mfcribbon-ms</Extensions>
    </Filter>
  </ItemGroup>
  <ItemGroup>
    <ClInclude Include="include\common\common_utils\EnumFlags.hpp">
      <Filter>Header Files</Filter>
    </ClInclude>
    <ClInclude Include="include\common\common_utils\ExceptionUtils.hpp">
      <Filter>Header Files</Filter>
    </ClInclude>
    <ClInclude Include="include\common\common_utils\json.hpp">
      <Filter>Header Files</Filter>
    </ClInclude>
    <ClInclude Include="include\common\common_utils\MedianFilter.hpp">
      <Filter>Header Files</Filter>
    </ClInclude>
    <ClInclude Include="include\common\common_utils\OnlineStats.hpp">
      <Filter>Header Files</Filter>
    </ClInclude>
    <ClInclude Include="include\common\common_utils\optional.hpp">
      <Filter>Header Files</Filter>
    </ClInclude>
    <ClInclude Include="include\common\common_utils\prettyprint.hpp">
      <Filter>Header Files</Filter>
    </ClInclude>
    <ClInclude Include="include\common\common_utils\ProsumerQueue.hpp">
      <Filter>Header Files</Filter>
    </ClInclude>
    <ClInclude Include="include\common\common_utils\RandomGenerator.hpp">
      <Filter>Header Files</Filter>
    </ClInclude>
    <ClInclude Include="include\common\common_utils\ScheduledExecutor.hpp">
      <Filter>Header Files</Filter>
    </ClInclude>
    <ClInclude Include="include\common\common_utils\sincos.hpp">
      <Filter>Header Files</Filter>
    </ClInclude>
    <ClInclude Include="include\common\common_utils\type_utils.hpp">
      <Filter>Header Files</Filter>
    </ClInclude>
    <ClInclude Include="include\common\common_utils\Utils.hpp">
      <Filter>Header Files</Filter>
    </ClInclude>
    <ClInclude Include="include\common\Common.hpp">
      <Filter>Header Files</Filter>
    </ClInclude>
    <ClInclude Include="include\common\CommonStructs.hpp">
      <Filter>Header Files</Filter>
    </ClInclude>
    <ClInclude Include="include\common\DelayLine.hpp">
      <Filter>Header Files</Filter>
    </ClInclude>
    <ClInclude Include="include\common\EarthUtils.hpp">
      <Filter>Header Files</Filter>
    </ClInclude>
    <ClInclude Include="include\common\FirstOrderFilter.hpp">
      <Filter>Header Files</Filter>
    </ClInclude>
    <ClInclude Include="include\common\FrequencyLimiter.hpp">
      <Filter>Header Files</Filter>
    </ClInclude>
    <ClInclude Include="include\common\GaussianMarkov.hpp">
      <Filter>Header Files</Filter>
    </ClInclude>
    <ClInclude Include="include\common\GeodeticConverter.hpp">
      <Filter>Header Files</Filter>
    </ClInclude>
    <ClInclude Include="include\common\LogFileWriter.hpp">
      <Filter>Header Files</Filter>
    </ClInclude>
    <ClInclude Include="include\common\StateReporter.hpp">
      <Filter>Header Files</Filter>
    </ClInclude>
    <ClInclude Include="include\common\StateReporterWrapper.hpp">
      <Filter>Header Files</Filter>
    </ClInclude>
    <ClInclude Include="include\common\UpdatableContainer.hpp">
      <Filter>Header Files</Filter>
    </ClInclude>
    <ClInclude Include="include\common\UpdatableObject.hpp">
      <Filter>Header Files</Filter>
    </ClInclude>
    <ClInclude Include="include\common\VectorMath.hpp">
      <Filter>Header Files</Filter>
    </ClInclude>
    <ClInclude Include="include\physics\Environment.hpp">
      <Filter>Header Files</Filter>
    </ClInclude>
    <ClInclude Include="include\physics\FastPhysicsEngine.hpp">
      <Filter>Header Files</Filter>
    </ClInclude>
    <ClInclude Include="include\physics\Kinematics.hpp">
      <Filter>Header Files</Filter>
    </ClInclude>
    <ClInclude Include="include\physics\PhysicsBody.hpp">
      <Filter>Header Files</Filter>
    </ClInclude>
    <ClInclude Include="include\physics\PhysicsBodyVertex.hpp">
      <Filter>Header Files</Filter>
    </ClInclude>
    <ClInclude Include="include\physics\PhysicsEngineBase.hpp">
      <Filter>Header Files</Filter>
    </ClInclude>
    <ClInclude Include="include\physics\World.hpp">
      <Filter>Header Files</Filter>
    </ClInclude>
    <ClInclude Include="include\sensors\barometer\BarometerBase.hpp">
      <Filter>Header Files</Filter>
    </ClInclude>
    <ClInclude Include="include\sensors\barometer\BarometerSimple.hpp">
      <Filter>Header Files</Filter>
    </ClInclude>
    <ClInclude Include="include\sensors\barometer\BarometerSimpleParams.hpp">
      <Filter>Header Files</Filter>
    </ClInclude>
    <ClInclude Include="include\sensors\gps\GpsBase.hpp">
      <Filter>Header Files</Filter>
    </ClInclude>
    <ClInclude Include="include\sensors\gps\GpsSimple.hpp">
      <Filter>Header Files</Filter>
    </ClInclude>
    <ClInclude Include="include\sensors\gps\GpsSimpleParams.hpp">
      <Filter>Header Files</Filter>
    </ClInclude>
    <ClInclude Include="include\sensors\imu\ImuBase.hpp">
      <Filter>Header Files</Filter>
    </ClInclude>
    <ClInclude Include="include\sensors\imu\ImuSimple.hpp">
      <Filter>Header Files</Filter>
    </ClInclude>
    <ClInclude Include="include\sensors\imu\ImuSimpleParams.hpp">
      <Filter>Header Files</Filter>
    </ClInclude>
    <ClInclude Include="include\sensors\magnetometer\MagnetometerBase.hpp">
      <Filter>Header Files</Filter>
    </ClInclude>
    <ClInclude Include="include\sensors\magnetometer\MagnetometerSimple.hpp">
      <Filter>Header Files</Filter>
    </ClInclude>
    <ClInclude Include="include\sensors\magnetometer\MagnetometerSimpleParams.hpp">
      <Filter>Header Files</Filter>
    </ClInclude>
    <ClInclude Include="include\sensors\SensorBase.hpp">
      <Filter>Header Files</Filter>
    </ClInclude>
    <ClInclude Include="include\common\common_utils\ctpl_stl.h">
      <Filter>Header Files</Filter>
    </ClInclude>
    <ClInclude Include="include\common\common_utils\AsyncTasker.hpp">
      <Filter>Header Files</Filter>
    </ClInclude>
    <ClInclude Include="include\common\common_utils\StrictMode.hpp">
      <Filter>Header Files</Filter>
    </ClInclude>
    <ClInclude Include="include\safety\CubeGeoFence.hpp">
      <Filter>Header Files</Filter>
    </ClInclude>
    <ClInclude Include="include\safety\IGeoFence.hpp">
      <Filter>Header Files</Filter>
    </ClInclude>
    <ClInclude Include="include\safety\ObstacleMap.hpp">
      <Filter>Header Files</Filter>
    </ClInclude>
    <ClInclude Include="include\safety\SafetyEval.hpp">
      <Filter>Header Files</Filter>
    </ClInclude>
    <ClInclude Include="include\safety\SphereGeoFence.hpp">
      <Filter>Header Files</Filter>
    </ClInclude>
    <ClInclude Include="include\sensors\SensorCollection.hpp">
      <Filter>Header Files</Filter>
    </ClInclude>
    <ClInclude Include="include\common\common_utils\FileSystem.hpp">
      <Filter>Header Files</Filter>
    </ClInclude>
    <ClInclude Include="include\common\ClockBase.hpp">
      <Filter>Header Files</Filter>
    </ClInclude>
    <ClInclude Include="include\common\ClockFactory.hpp">
      <Filter>Header Files</Filter>
    </ClInclude>
    <ClInclude Include="include\common\common_utils\Timer.hpp">
      <Filter>Header Files</Filter>
    </ClInclude>
    <ClInclude Include="include\physics\DebugPhysicsBody.hpp">
      <Filter>Header Files</Filter>
    </ClInclude>
    <ClInclude Include="include\physics\PhysicsBodyWorld.hpp">
      <Filter>Header Files</Filter>
    </ClInclude>
    <ClInclude Include="include\physics\PhysicsWorld.hpp">
      <Filter>Header Files</Filter>
    </ClInclude>
    <ClInclude Include="include\common\SteppableClock.hpp">
      <Filter>Header Files</Filter>
    </ClInclude>
    <ClInclude Include="include\common\ScalableClock.hpp">
      <Filter>Header Files</Filter>
    </ClInclude>
    <ClInclude Include="include\common\common_utils\MinWinDefines.hpp">
      <Filter>Header Files</Filter>
    </ClInclude>
    <ClInclude Include="include\vehicles\multirotor\MultiRotor.hpp">
      <Filter>Header Files</Filter>
    </ClInclude>
    <ClInclude Include="include\vehicles\multirotor\MultiRotorParams.hpp">
      <Filter>Header Files</Filter>
    </ClInclude>
    <ClInclude Include="include\vehicles\multirotor\MultiRotorParamsFactory.hpp">
      <Filter>Header Files</Filter>
    </ClInclude>
    <ClInclude Include="include\vehicles\multirotor\Rotor.hpp">
      <Filter>Header Files</Filter>
    </ClInclude>
    <ClInclude Include="include\vehicles\multirotor\RotorParams.hpp">
      <Filter>Header Files</Filter>
    </ClInclude>
    <ClInclude Include="include\vehicles\multirotor\firmwares\simple_flight\firmware\interfaces\CommonStructs.hpp">
      <Filter>Header Files</Filter>
    </ClInclude>
    <ClInclude Include="include\vehicles\multirotor\firmwares\simple_flight\firmware\interfaces\IAxisController.hpp">
      <Filter>Header Files</Filter>
    </ClInclude>
    <ClInclude Include="include\vehicles\multirotor\firmwares\simple_flight\firmware\interfaces\IBoard.hpp">
      <Filter>Header Files</Filter>
    </ClInclude>
    <ClInclude Include="include\vehicles\multirotor\firmwares\simple_flight\firmware\interfaces\IBoardClock.hpp">
      <Filter>Header Files</Filter>
    </ClInclude>
    <ClInclude Include="include\vehicles\multirotor\firmwares\simple_flight\firmware\interfaces\IBoardInputPins.hpp">
      <Filter>Header Files</Filter>
    </ClInclude>
    <ClInclude Include="include\vehicles\multirotor\firmwares\simple_flight\firmware\interfaces\IBoardOutputPins.hpp">
      <Filter>Header Files</Filter>
    </ClInclude>
    <ClInclude Include="include\vehicles\multirotor\firmwares\simple_flight\firmware\interfaces\IBoardSensors.hpp">
      <Filter>Header Files</Filter>
    </ClInclude>
    <ClInclude Include="include\vehicles\multirotor\firmwares\simple_flight\firmware\interfaces\ICommLink.hpp">
      <Filter>Header Files</Filter>
    </ClInclude>
    <ClInclude Include="include\vehicles\multirotor\firmwares\simple_flight\firmware\interfaces\IController.hpp">
      <Filter>Header Files</Filter>
    </ClInclude>
    <ClInclude Include="include\vehicles\multirotor\firmwares\simple_flight\firmware\interfaces\IFirmware.hpp">
      <Filter>Header Files</Filter>
    </ClInclude>
    <ClInclude Include="include\vehicles\multirotor\firmwares\simple_flight\firmware\interfaces\IGoal.hpp">
      <Filter>Header Files</Filter>
    </ClInclude>
    <ClInclude Include="include\vehicles\multirotor\firmwares\simple_flight\firmware\interfaces\IOffboardApi.hpp">
      <Filter>Header Files</Filter>
    </ClInclude>
    <ClInclude Include="include\vehicles\multirotor\firmwares\simple_flight\firmware\interfaces\IStateEstimator.hpp">
      <Filter>Header Files</Filter>
    </ClInclude>
    <ClInclude Include="include\vehicles\multirotor\firmwares\simple_flight\firmware\interfaces\IUpdatable.hpp">
      <Filter>Header Files</Filter>
    </ClInclude>
    <ClInclude Include="include\vehicles\multirotor\firmwares\simple_flight\firmware\AngleLevelController.hpp">
      <Filter>Header Files</Filter>
    </ClInclude>
    <ClInclude Include="include\vehicles\multirotor\firmwares\simple_flight\firmware\AngleRateController.hpp">
      <Filter>Header Files</Filter>
    </ClInclude>
    <ClInclude Include="include\vehicles\multirotor\firmwares\simple_flight\firmware\CascadeController.hpp">
      <Filter>Header Files</Filter>
    </ClInclude>
    <ClInclude Include="include\vehicles\multirotor\firmwares\simple_flight\firmware\ConstantOutputController.hpp">
      <Filter>Header Files</Filter>
    </ClInclude>
    <ClInclude Include="include\vehicles\multirotor\firmwares\simple_flight\firmware\Firmware.hpp">
      <Filter>Header Files</Filter>
    </ClInclude>
    <ClInclude Include="include\vehicles\multirotor\firmwares\simple_flight\firmware\Mixer.hpp">
      <Filter>Header Files</Filter>
    </ClInclude>
    <ClInclude Include="include\vehicles\multirotor\firmwares\simple_flight\firmware\OffboardApi.hpp">
      <Filter>Header Files</Filter>
    </ClInclude>
    <ClInclude Include="include\vehicles\multirotor\firmwares\simple_flight\firmware\Params.hpp">
      <Filter>Header Files</Filter>
    </ClInclude>
    <ClInclude Include="include\vehicles\multirotor\firmwares\simple_flight\firmware\PassthroughController.hpp">
      <Filter>Header Files</Filter>
    </ClInclude>
    <ClInclude Include="include\vehicles\multirotor\firmwares\simple_flight\firmware\PidController.hpp">
      <Filter>Header Files</Filter>
    </ClInclude>
    <ClInclude Include="include\vehicles\multirotor\firmwares\simple_flight\firmware\PositionController.hpp">
      <Filter>Header Files</Filter>
    </ClInclude>
    <ClInclude Include="include\vehicles\multirotor\firmwares\simple_flight\firmware\RemoteControl.hpp">
      <Filter>Header Files</Filter>
    </ClInclude>
    <ClInclude Include="include\vehicles\multirotor\firmwares\simple_flight\firmware\VelocityController.hpp">
      <Filter>Header Files</Filter>
    </ClInclude>
    <ClInclude Include="include\vehicles\multirotor\firmwares\simple_flight\AirSimSimpleFlightBoard.hpp">
      <Filter>Header Files</Filter>
    </ClInclude>
    <ClInclude Include="include\vehicles\multirotor\firmwares\simple_flight\AirSimSimpleFlightCommLink.hpp">
      <Filter>Header Files</Filter>
    </ClInclude>
    <ClInclude Include="include\vehicles\multirotor\firmwares\simple_flight\AirSimSimpleFlightCommon.hpp">
      <Filter>Header Files</Filter>
    </ClInclude>
    <ClInclude Include="include\vehicles\multirotor\firmwares\simple_flight\AirSimSimpleFlightEstimator.hpp">
      <Filter>Header Files</Filter>
    </ClInclude>
    <ClInclude Include="include\vehicles\car\api\CarRpcLibAdapators.hpp">
      <Filter>Header Files</Filter>
    </ClInclude>
    <ClInclude Include="include\vehicles\car\api\CarRpcLibClient.hpp">
      <Filter>Header Files</Filter>
    </ClInclude>
    <ClInclude Include="include\vehicles\car\api\CarRpcLibServer.hpp">
      <Filter>Header Files</Filter>
    </ClInclude>
    <ClInclude Include="include\vehicles\multirotor\api\MultirotorRpcLibAdapators.hpp">
      <Filter>Header Files</Filter>
    </ClInclude>
    <ClInclude Include="include\vehicles\multirotor\api\MultirotorRpcLibClient.hpp">
      <Filter>Header Files</Filter>
    </ClInclude>
    <ClInclude Include="include\vehicles\multirotor\api\MultirotorRpcLibServer.hpp">
      <Filter>Header Files</Filter>
    </ClInclude>
    <ClInclude Include="include\api\RpcLibAdapatorsBase.hpp">
      <Filter>Header Files</Filter>
    </ClInclude>
    <ClInclude Include="include\vehicles\car\api\CarApiBase.hpp">
      <Filter>Header Files</Filter>
    </ClInclude>
    <ClInclude Include="include\api\RpcLibServerBase.hpp">
      <Filter>Header Files</Filter>
    </ClInclude>
    <ClInclude Include="include\common\AirSimSettings.hpp">
      <Filter>Header Files</Filter>
    </ClInclude>
    <ClInclude Include="include\common\Settings.hpp">
      <Filter>Header Files</Filter>
    </ClInclude>
    <ClInclude Include="include\common\Waiter.hpp">
      <Filter>Header Files</Filter>
    </ClInclude>
    <ClInclude Include="include\common\ImageCaptureBase.hpp">
      <Filter>Header Files</Filter>
    </ClInclude>
    <ClInclude Include="include\sensors\SensorFactory.hpp">
      <Filter>Header Files</Filter>
    </ClInclude>
    <ClInclude Include="include\vehicles\multirotor\firmwares\simple_flight\firmware\AdaptiveController.hpp">
      <Filter>Header Files</Filter>
    </ClInclude>
    <ClInclude Include="include\vehicles\multirotor\firmwares\simple_flight\firmware\interfaces\IPidIntegrator.hpp">
      <Filter>Header Files</Filter>
    </ClInclude>
    <ClInclude Include="include\vehicles\multirotor\firmwares\simple_flight\firmware\StdPidIntegrator.hpp">
      <Filter>Header Files</Filter>
    </ClInclude>
    <ClInclude Include="include\vehicles\multirotor\firmwares\simple_flight\firmware\RungKuttaPidIntegrator.hpp">
      <Filter>Header Files</Filter>
    </ClInclude>
    <ClInclude Include="include\common\EarthCelestial.hpp">
      <Filter>Header Files</Filter>
    </ClInclude>
    <ClInclude Include="include\api\WorldApiBase.hpp">
      <Filter>Header Files</Filter>
    </ClInclude>
    <ClInclude Include="include\api\ApiServerBase.hpp">
      <Filter>Header Files</Filter>
    </ClInclude>
    <ClInclude Include="include\api\VehicleSimApiBase.hpp">
      <Filter>Header Files</Filter>
    </ClInclude>
    <ClInclude Include="include\api\WorldSimApiBase.hpp">
      <Filter>Header Files</Filter>
    </ClInclude>
    <ClInclude Include="include\vehicles\multirotor\api\MultirotorCommon.hpp">
      <Filter>Header Files</Filter>
    </ClInclude>
    <ClInclude Include="include\common\CancelToken.hpp">
      <Filter>Header Files</Filter>
    </ClInclude>
    <ClInclude Include="include\common\WorkerThread.hpp">
      <Filter>Header Files</Filter>
    </ClInclude>
    <ClInclude Include="include\api\VehicleApiBase.hpp">
      <Filter>Header Files</Filter>
    </ClInclude>
    <ClInclude Include="include\api\VehicleConnectorBase.hpp">
      <Filter>Header Files</Filter>
    </ClInclude>
    <ClInclude Include="include\common\PidController.hpp">
      <Filter>Header Files</Filter>
    </ClInclude>
    <ClInclude Include="include\vehicles\multirotor\firmwares\mavlink\MavLinkMultirotorApi.hpp">
      <Filter>Header Files</Filter>
    </ClInclude>
    <ClInclude Include="include\vehicles\multirotor\firmwares\simple_flight\SimpleFlightApi.hpp">
      <Filter>Header Files</Filter>
    </ClInclude>
    <ClInclude Include="include\vehicles\multirotor\firmwares\mavlink\Px4MultiRotorParams.hpp">
      <Filter>Header Files</Filter>
    </ClInclude>
    <ClInclude Include="include\vehicles\multirotor\firmwares\simple_flight\SimpleFlightQuadXParams.hpp">
      <Filter>Header Files</Filter>
    </ClInclude>
    <ClInclude Include="include\api\RpcLibClientBase.hpp">
      <Filter>Header Files</Filter>
    </ClInclude>
    <ClInclude Include="include\vehicles\multirotor\api\MultirotorApiBase.hpp">
      <Filter>Header Files</Filter>
    </ClInclude>
    <ClInclude Include="include\api\ApiProvider.hpp">
      <Filter>Header Files</Filter>
    </ClInclude>
    <ClInclude Include="include\common\common_utils\Signal.hpp">
      <Filter>Header Files</Filter>
    </ClInclude>
    <ClInclude Include="include\common\common_utils\UniqueValueMap.hpp">
      <Filter>Header Files</Filter>
    </ClInclude>
    <ClInclude Include="include\common\common_utils\WindowsApisCommonPre.hpp">
      <Filter>Header Files</Filter>
    </ClInclude>
    <ClInclude Include="include\common\common_utils\WindowsApisCommonPost.hpp">
      <Filter>Header Files</Filter>
    </ClInclude>
    <ClInclude Include="include\common\common_utils\bitmap_image.hpp">
      <Filter>Header Files</Filter>
    </ClInclude>
    <ClInclude Include="include\common\common_utils\ColorUtils.hpp">
      <Filter>Header Files</Filter>
    </ClInclude>
    <ClInclude Include="include\vehicles\multirotor\firmwares\mavlink\ArduCopterSoloApi.hpp">
      <Filter>Header Files</Filter>
    </ClInclude>
    <ClInclude Include="include\vehicles\multirotor\firmwares\mavlink\ArduCopterSoloParams.hpp">
      <Filter>Header Files</Filter>
    </ClInclude>
    <ClInclude Include="include\common\common_utils\SmoothingFilter.hpp">
      <Filter>Header Files</Filter>
    </ClInclude>
  </ItemGroup>
  <ItemGroup>
    <ClCompile Include="src\safety\ObstacleMap.cpp">
      <Filter>Source Files</Filter>
    </ClCompile>
    <ClCompile Include="src\safety\SafetyEval.cpp">
      <Filter>Source Files</Filter>
    </ClCompile>
    <ClCompile Include="src\common\common_utils\FileSystem.cpp">
      <Filter>Source Files</Filter>
    </ClCompile>
    <ClCompile Include="src\vehicles\multirotor\api\MultirotorRpcLibServer.cpp">
      <Filter>Source Files</Filter>
    </ClCompile>
    <ClCompile Include="src\vehicles\car\api\CarRpcLibClient.cpp">
      <Filter>Source Files</Filter>
    </ClCompile>
    <ClCompile Include="src\vehicles\car\api\CarRpcLibServer.cpp">
      <Filter>Source Files</Filter>
    </ClCompile>
    <ClCompile Include="src\vehicles\multirotor\api\MultirotorRpcLibClient.cpp">
      <Filter>Source Files</Filter>
    </ClCompile>
    <ClCompile Include="src\api\RpcLibClientBase.cpp">
      <Filter>Source Files</Filter>
    </ClCompile>
    <ClCompile Include="src\api\RpcLibServerBase.cpp">
      <Filter>Source Files</Filter>
    </ClCompile>
    <ClCompile Include="src\vehicles\multirotor\api\MultirotorApiBase.cpp">
      <Filter>Source Files</Filter>
    </ClCompile>
  </ItemGroup>
</Project>